
Microsoft Visual Studio Solution File, Format Version 12.00
# Visual Studio 15
VisualStudioVersion = 15.0.28307.329
MinimumVisualStudioVersion = 10.0.40219.1
Project("{FAE04EC0-301F-11D3-BF4B-00C04F79EFBC}") = "DogChallenge", "DogChallenge\DogChallenge.csproj", "{BAFB1DEE-6306-4906-BFD4-6BE5CCB19177}"
EndProject
Global
	GlobalSection(SolutionConfigurationPlatforms) = preSolution
		Debug|Any CPU = Debug|Any CPU
		Release|Any CPU = Release|Any CPU
	EndGlobalSection
	GlobalSection(ProjectConfigurationPlatforms) = postSolution
		{BAFB1DEE-6306-4906-BFD4-6BE5CCB19177}.Debug|Any CPU.ActiveCfg = Debug|Any CPU
		{BAFB1DEE-6306-4906-BFD4-6BE5CCB19177}.Debug|Any CPU.Build.0 = Debug|Any CPU
		{BAFB1DEE-6306-4906-BFD4-6BE5CCB19177}.Release|Any CPU.ActiveCfg = Release|Any CPU
		{BAFB1DEE-6306-4906-BFD4-6BE5CCB19177}.Release|Any CPU.Build.0 = Release|Any CPU
	EndGlobalSection
	GlobalSection(SolutionProperties) = preSolution
		HideSolutionNode = FALSE
	EndGlobalSection
	GlobalSection(ExtensibilityGlobals) = postSolution
		SolutionGuid = {E026AF27-08E7-4ECF-8F15-3A2654816F00}
	EndGlobalSection
EndGlobal
